
Microsoft Visual Studio Solution File, Format Version 12.00
# Visual Studio Version 17
VisualStudioVersion = 17.8.34525.116
MinimumVisualStudioVersion = 10.0.40219.1
Project("{9A19103F-16F7-4668-BE54-9A1E7A4F7556}") = "Mega_Technical_Test_FE_2024", "Mega_Technical_Test_2024\Mega_Technical_Test_FE_2024.csproj", "{8A91E80C-D21E-48A8-83C1-FD8E8D719178}"
EndProject
Project("{9A19103F-16F7-4668-BE54-9A1E7A4F7556}") = "Mega_Technical_Test_BE_2024", "Mega_Technical_Test_BE_2024\Mega_Technical_Test_BE_2024.csproj", "{748F0C5E-89D4-4D7B-8483-A7C0C19F3442}"
EndProject
Project("{2150E333-8FDC-42A3-9474-1A3956D46DE8}") = "Solution Items", "Solution Items", "{BBCC7A58-B92D-4CF1-9849-85077393CDEF}"
	ProjectSection(SolutionItems) = preProject
		SQL.sql = SQL.sql
	EndProjectSection
EndProject
Global
	GlobalSection(SolutionConfigurationPlatforms) = preSolution
		Debug|Any CPU = Debug|Any CPU
		Release|Any CPU = Release|Any CPU
	EndGlobalSection
	GlobalSection(ProjectConfigurationPlatforms) = postSolution
		{8A91E80C-D21E-48A8-83C1-FD8E8D719178}.Debug|Any CPU.ActiveCfg = Debug|Any CPU
		{8A91E80C-D21E-48A8-83C1-FD8E8D719178}.Debug|Any CPU.Build.0 = Debug|Any CPU
		{8A91E80C-D21E-48A8-83C1-FD8E8D719178}.Release|Any CPU.ActiveCfg = Release|Any CPU
		{8A91E80C-D21E-48A8-83C1-FD8E8D719178}.Release|Any CPU.Build.0 = Release|Any CPU
		{748F0C5E-89D4-4D7B-8483-A7C0C19F3442}.Debug|Any CPU.ActiveCfg = Debug|Any CPU
		{748F0C5E-89D4-4D7B-8483-A7C0C19F3442}.Debug|Any CPU.Build.0 = Debug|Any CPU
		{748F0C5E-89D4-4D7B-8483-A7C0C19F3442}.Release|Any CPU.ActiveCfg = Release|Any CPU
		{748F0C5E-89D4-4D7B-8483-A7C0C19F3442}.Release|Any CPU.Build.0 = Release|Any CPU
	EndGlobalSection
	GlobalSection(SolutionProperties) = preSolution
		HideSolutionNode = FALSE
	EndGlobalSection
	GlobalSection(ExtensibilityGlobals) = postSolution
		SolutionGuid = {21CBB8C2-AC0B-458B-B811-AE1D4534A60C}
	EndGlobalSection
EndGlobal
